
Microsoft Visual Studio Solution File, Format Version 12.00
# Visual Studio 15
VisualStudioVersion = 15.0.28307.489
MinimumVisualStudioVersion = 10.0.40219.1
Project("{FAE04EC0-301F-11D3-BF4B-00C04F79EFBC}") = "AdventOfCode2017", "AdventOfCode2017\AdventOfCode2017.csproj", "{104E0E42-627C-44C4-942B-79F4F6DF531D}"
EndProject
Project("{FAE04EC0-301F-11D3-BF4B-00C04F79EFBC}") = "AdventOfCode2017.Tests", "AdventOfCode2017.Tests\AdventOfCode2017.Tests.csproj", "{8C6B2D3D-72C0-413D-8A77-797E43DFFE32}"
EndProject
Project("{FAE04EC0-301F-11D3-BF4B-00C04F79EFBC}") = "_libAdventOfCode2017", "LibAdventOfCode2017\_libAdventOfCode2017.csproj", "{16C37280-1873-4573-89A9-F4D1CF9714E7}"
EndProject
Global
	GlobalSection(SolutionConfigurationPlatforms) = preSolution
		Debug|Any CPU = Debug|Any CPU
		Release|Any CPU = Release|Any CPU
	EndGlobalSection
	GlobalSection(ProjectConfigurationPlatforms) = postSolution
		{104E0E42-627C-44C4-942B-79F4F6DF531D}.Debug|Any CPU.ActiveCfg = Debug|Any CPU
		{104E0E42-627C-44C4-942B-79F4F6DF531D}.Debug|Any CPU.Build.0 = Debug|Any CPU
		{104E0E42-627C-44C4-942B-79F4F6DF531D}.Release|Any CPU.ActiveCfg = Release|Any CPU
		{104E0E42-627C-44C4-942B-79F4F6DF531D}.Release|Any CPU.Build.0 = Release|Any CPU
		{8C6B2D3D-72C0-413D-8A77-797E43DFFE32}.Debug|Any CPU.ActiveCfg = Debug|Any CPU
		{8C6B2D3D-72C0-413D-8A77-797E43DFFE32}.Debug|Any CPU.Build.0 = Debug|Any CPU
		{8C6B2D3D-72C0-413D-8A77-797E43DFFE32}.Release|Any CPU.ActiveCfg = Release|Any CPU
		{8C6B2D3D-72C0-413D-8A77-797E43DFFE32}.Release|Any CPU.Build.0 = Release|Any CPU
		{16C37280-1873-4573-89A9-F4D1CF9714E7}.Debug|Any CPU.ActiveCfg = Debug|Any CPU
		{16C37280-1873-4573-89A9-F4D1CF9714E7}.Debug|Any CPU.Build.0 = Debug|Any CPU
		{16C37280-1873-4573-89A9-F4D1CF9714E7}.Release|Any CPU.ActiveCfg = Release|Any CPU
		{16C37280-1873-4573-89A9-F4D1CF9714E7}.Release|Any CPU.Build.0 = Release|Any CPU
	EndGlobalSection
	GlobalSection(SolutionProperties) = preSolution
		HideSolutionNode = FALSE
	EndGlobalSection
	GlobalSection(ExtensibilityGlobals) = postSolution
		SolutionGuid = {497C845A-F4DE-4A8E-A217-9EA4221D5FBD}
	EndGlobalSection
EndGlobal
